{
  "name": "SupplyChainCapstone",
  "lockfileVersion": 3,
  "requires": true,
  "packages": {
    "": {
      "dependencies": {
        "philippine-location-json-for-geer": "^1.1.11"
      }
    },
    "node_modules/philippine-location-json-for-geer": {
      "version": "1.1.11",
      "resolved": "https://registry.npmjs.org/philippine-location-json-for-geer/-/philippine-location-json-for-geer-1.1.11.tgz",
      "integrity": "sha512-bE54EelofjqRd6+YVmYMbeRMJiznfeXI9k9QIHze5zxcax1UB99J8jIPQtXFJlAtCle4RM/h1/fmdt1AN/jLUw=="
    }
  }
}
